<?xml version="1.0" encoding="utf-8"?>
<Project ToolsVersion="4.0" xmlns="http://schemas.microsoft.com/developer/msbuild/2003">
  <ItemGroup>
    <Filter Include="Math">
      <UniqueIdentifier>{4FC737F1-C7A5-4376-A066-2A32D752A2FF}</UniqueIdentifier>
      <Extensions>cpp;c;cc;cxx;def;odl;idl;hpj;bat;asm;asmx</Extensions>
    </Filter>
    <Filter Include="Renderer">
      <UniqueIdentifier>{ddb17eba-e15e-4597-8bf6-064b16b159d3}</UniqueIdentifier>
    </Filter>
    <Filter Include="Helpers">
      <UniqueIdentifier>{72056cb6-72a2-42b7-b05e-376f1ddd957e}</UniqueIdentifier>
    </Filter>
    <Filter Include="Rasterizer">
      <UniqueIdentifier>{aec9a7ba-8215-4c62-9286-7ba20d42bafa}</UniqueIdentifier>
    </Filter>
    <Filter Include="Scene">
      <UniqueIdentifier>{2bb00f6c-1e0c-4440-b2a5-3d6ce28f6bba}</UniqueIdentifier>
    </Filter>
    <Filter Include="Scene\Scenes">
      <UniqueIdentifier>{ba5b1827-fa2a-46f0-a455-09960e5fd9d3}</UniqueIdentifier>
    </Filter>
    <Filter Include="Input">
      <UniqueIdentifier>{29ec7e9c-0354-4e59-9ae9-e869cc7b3192}</UniqueIdentifier>
    </Filter>
    <Filter Include="Camera">
      <UniqueIdentifier>{3aff1cb9-1658-4f45-a079-b38857966444}</UniqueIdentifier>
    </Filter>
    <Filter Include="Primitive">
      <UniqueIdentifier>{f6bef809-3d09-4466-b402-d1108630eb0f}</UniqueIdentifier>
    </Filter>
    <Filter Include="Mesh">
      <UniqueIdentifier>{de021c88-96fe-43b4-9f18-f4c7993c62f8}</UniqueIdentifier>
    </Filter>
  </ItemGroup>
  <ItemGroup>
    <ClInclude Include="EMath.h">
      <Filter>Math</Filter>
    </ClInclude>
    <ClInclude Include="EMathUtilities.h">
      <Filter>Math</Filter>
    </ClInclude>
    <ClInclude Include="EMatrix.h">
      <Filter>Math</Filter>
    </ClInclude>
    <ClInclude Include="EMatrix2.h">
      <Filter>Math</Filter>
    </ClInclude>
    <ClInclude Include="EMatrix3.h">
      <Filter>Math</Filter>
    </ClInclude>
    <ClInclude Include="EMatrix4.h">
      <Filter>Math</Filter>
    </ClInclude>
    <ClInclude Include="EPoint.h">
      <Filter>Math</Filter>
    </ClInclude>
    <ClInclude Include="EPoint2.h">
      <Filter>Math</Filter>
    </ClInclude>
    <ClInclude Include="EPoint3.h">
      <Filter>Math</Filter>
    </ClInclude>
    <ClInclude Include="EPoint4.h">
      <Filter>Math</Filter>
    </ClInclude>
    <ClInclude Include="EVector.h">
      <Filter>Math</Filter>
    </ClInclude>
    <ClInclude Include="EVector2.h">
      <Filter>Math</Filter>
    </ClInclude>
    <ClInclude Include="EVector3.h">
      <Filter>Math</Filter>
    </ClInclude>
    <ClInclude Include="EVector4.h">
      <Filter>Math</Filter>
    </ClInclude>
    <ClInclude Include="ERenderer.h">
      <Filter>Renderer</Filter>
    </ClInclude>
    <ClInclude Include="ERGBColor.h">
      <Filter>Helpers</Filter>
    </ClInclude>
    <ClInclude Include="ETimer.h">
      <Filter>Helpers</Filter>
    </ClInclude>
    <ClInclude Include="Rasterizer.h">
      <Filter>Rasterizer</Filter>
    </ClInclude>
    <ClInclude Include="InputManager.h">
      <Filter>Input</Filter>
    </ClInclude>
    <ClInclude Include="structs.h" />
    <ClInclude Include="Scene.h">
      <Filter>Scene</Filter>
    </ClInclude>
    <ClInclude Include="Scenegraph.h">
      <Filter>Scene</Filter>
    </ClInclude>
    <ClInclude Include="Scene_Week6.h">
      <Filter>Scene\Scenes</Filter>
    </ClInclude>
    <ClInclude Include="Camera.h">
      <Filter>Camera</Filter>
    </ClInclude>
    <ClInclude Include="Triangle.h">
      <Filter>Primitive</Filter>
    </ClInclude>
    <ClInclude Include="Scene_Week7.h">
      <Filter>Scene\Scenes</Filter>
    </ClInclude>
    <ClInclude Include="Texture.h">
      <Filter>Mesh</Filter>
    </ClInclude>
    <ClInclude Include="Scene_Week7_TukTuk.h">
      <Filter>Scene\Scenes</Filter>
    </ClInclude>
    <ClInclude Include="OBJParser.h">
      <Filter>Mesh</Filter>
    </ClInclude>
    <ClInclude Include="TriangleMesh.h">
      <Filter>Mesh</Filter>
    </ClInclude>
    <ClInclude Include="Scene_Week8_Vehicle.h">
      <Filter>Scene\Scenes</Filter>
    </ClInclude>
  </ItemGroup>
  <ItemGroup>
    <ClCompile Include="ERenderer.cpp">
      <Filter>Renderer</Filter>
    </ClCompile>
    <ClCompile Include="main.cpp" />
    <ClCompile Include="ETimer.cpp">
      <Filter>Helpers</Filter>
    </ClCompile>
    <ClCompile Include="Rasterizer.cpp">
      <Filter>Rasterizer</Filter>
    </ClCompile>
    <ClCompile Include="InputManager.cpp">
      <Filter>Input</Filter>
    </ClCompile>
    <ClCompile Include="Scene.cpp">
      <Filter>Scene</Filter>
    </ClCompile>
    <ClCompile Include="Scene_Week6.cpp">
      <Filter>Scene\Scenes</Filter>
    </ClCompile>
    <ClCompile Include="Scenegraph.cpp">
      <Filter>Scene</Filter>
    </ClCompile>
    <ClCompile Include="Camera.cpp">
      <Filter>Camera</Filter>
    </ClCompile>
    <ClCompile Include="Triangle.cpp">
      <Filter>Primitive</Filter>
    </ClCompile>
    <ClCompile Include="Scene_Week7.cpp">
      <Filter>Scene\Scenes</Filter>
    </ClCompile>
    <ClCompile Include="Texture.cpp">
      <Filter>Mesh</Filter>
    </ClCompile>
    <ClCompile Include="Scene_Week7_TukTuk.cpp">
      <Filter>Scene\Scenes</Filter>
    </ClCompile>
    <ClCompile Include="OBJParser.cpp">
      <Filter>Mesh</Filter>
    </ClCompile>
    <ClCompile Include="TriangleMesh.cpp">
      <Filter>Mesh</Filter>
    </ClCompile>
    <ClCompile Include="Scene_Week8_Vehicle.cpp">
      <Filter>Scene\Scenes</Filter>
    </ClCompile>
  </ItemGroup>
  <ItemGroup>
    <None Include="Rasterizer.props" />
  </ItemGroup>
</Project>